
Microsoft Visual Studio Solution File, Format Version 12.00
# Visual Studio Version 16
VisualStudioVersion = 16.0.31105.61
MinimumVisualStudioVersion = 10.0.40219.1
Project("{FAE04EC0-301F-11D3-BF4B-00C04F79EFBC}") = "PipelineCheck", "PipelineCheck.csproj", "{A9A749FC-C9B7-47A9-A5CF-7A7CCAE5E5C9}"
EndProject
Global
	GlobalSection(SolutionConfigurationPlatforms) = preSolution
		Debug|Any CPU = Debug|Any CPU
		Release|Any CPU = Release|Any CPU
	EndGlobalSection
	GlobalSection(ProjectConfigurationPlatforms) = postSolution
		{A9A749FC-C9B7-47A9-A5CF-7A7CCAE5E5C9}.Debug|Any CPU.ActiveCfg = Debug|Any CPU
		{A9A749FC-C9B7-47A9-A5CF-7A7CCAE5E5C9}.Debug|Any CPU.Build.0 = Debug|Any CPU
		{A9A749FC-C9B7-47A9-A5CF-7A7CCAE5E5C9}.Release|Any CPU.ActiveCfg = Release|Any CPU
		{A9A749FC-C9B7-47A9-A5CF-7A7CCAE5E5C9}.Release|Any CPU.Build.0 = Release|Any CPU
	EndGlobalSection
	GlobalSection(SolutionProperties) = preSolution
		HideSolutionNode = FALSE
	EndGlobalSection
	GlobalSection(ExtensibilityGlobals) = postSolution
		SolutionGuid = {2143D25D-09F2-441C-B042-09D5D2ADC5BC}
	EndGlobalSection
EndGlobal
